// !$*UTF8*$!
{
	archiveVersion = 1;
	classes = {
	};
	objectVersion = 46;
	objects = {

/* Begin PBXBuildFile section */
		37075C4E1E36A38200187480 /* Media.xcassets in Resources */ = {isa = PBXBuildFile; fileRef = 37075C4D1E36A38200187480 /* Media.xcassets */; };
		3707B7661E44C92900BD150D /* MessageUI.framework in Frameworks */ = {isa = PBXBuildFile; fileRef = 3707B7651E44C92900BD150D /* MessageUI.framework */; };
		3707B7681E44D70D00BD150D /* AppInfo.swift in Sources */ = {isa = PBXBuildFile; fileRef = 3707B7671E44D70D00BD150D /* AppInfo.swift */; };
		372B20921E2E8C62004BF666 /* AuthTextField.swift in Sources */ = {isa = PBXBuildFile; fileRef = 372B20911E2E8C62004BF666 /* AuthTextField.swift */; };
		375534FB1E08490C000C0842 /* Absenzen.swift in Sources */ = {isa = PBXBuildFile; fileRef = 375534FA1E08490C000C0842 /* Absenzen.swift */; };
		375534FD1E0849F5000C0842 /* Add Hausaufgaben.swift in Sources */ = {isa = PBXBuildFile; fileRef = 375534FC1E0849F5000C0842 /* Add Hausaufgaben.swift */; };
		375534FF1E084A3C000C0842 /* Add Tests.swift in Sources */ = {isa = PBXBuildFile; fileRef = 375534FE1E084A3C000C0842 /* Add Tests.swift */; };
		375535011E084A4E000C0842 /* Add Absenzen.swift in Sources */ = {isa = PBXBuildFile; fileRef = 375535001E084A4E000C0842 /* Add Absenzen.swift */; };
		37578E2D1F504E1A00ACFA80 /* AbsenzenOverview.swift in Sources */ = {isa = PBXBuildFile; fileRef = 37578E2C1F504E1A00ACFA80 /* AbsenzenOverview.swift */; };
		37578E2F1F504E3E00ACFA80 /* LehrerNewAbsenz.swift in Sources */ = {isa = PBXBuildFile; fileRef = 37578E2E1F504E3E00ACFA80 /* LehrerNewAbsenz.swift */; };
		37578E311F507BD900ACFA80 /* Select Class.swift in Sources */ = {isa = PBXBuildFile; fileRef = 37578E301F507BD900ACFA80 /* Select Class.swift */; };
		37578E331F50877B00ACFA80 /* CreateClass.swift in Sources */ = {isa = PBXBuildFile; fileRef = 37578E321F50877B00ACFA80 /* CreateClass.swift */; };
		3761778F1EFD63650051B90C /* NewReminder.swift in Sources */ = {isa = PBXBuildFile; fileRef = 3761778E1EFD63650051B90C /* NewReminder.swift */; };
		376177911EFD63750051B90C /* ReminderTableViewController.swift in Sources */ = {isa = PBXBuildFile; fileRef = 376177901EFD63750051B90C /* ReminderTableViewController.swift */; };
		376177951EFE63050051B90C /* NewReminderNC.swift in Sources */ = {isa = PBXBuildFile; fileRef = 376177941EFE63050051B90C /* NewReminderNC.swift */; };
		376177971EFE6A080051B90C /* Reminder.swift in Sources */ = {isa = PBXBuildFile; fileRef = 376177961EFE6A080051B90C /* Reminder.swift */; };
		376DDB3A1E44C0ED0064E2D2 /* Einstellungen.swift in Sources */ = {isa = PBXBuildFile; fileRef = 376DDB391E44C0ED0064E2D2 /* Einstellungen.swift */; };
		3770835F1F06B94900B2C9FA /* Notes.swift in Sources */ = {isa = PBXBuildFile; fileRef = 3770835E1F06B94900B2C9FA /* Notes.swift */; };
		378465441E4F96EC0012CDBF /* Gif+Swift.swift in Sources */ = {isa = PBXBuildFile; fileRef = 378465431E4F96EC0012CDBF /* Gif+Swift.swift */; };
		379B8C931EA4F87A00E27CBC /* PushNachrichten.swift in Sources */ = {isa = PBXBuildFile; fileRef = 379B8C921EA4F87A00E27CBC /* PushNachrichten.swift */; };
		379B8C951EA6857300E27CBC /* GoogleService-Info.plist in Resources */ = {isa = PBXBuildFile; fileRef = 379B8C941EA6857300E27CBC /* GoogleService-Info.plist */; };
		379B8CAD1EA764E600E27CBC /* Delivery.png in Resources */ = {isa = PBXBuildFile; fileRef = 379B8CAC1EA764E600E27CBC /* Delivery.png */; };
		37AD16E01E2D4438002F41D9 /* Login.swift in Sources */ = {isa = PBXBuildFile; fileRef = 37AD16DF1E2D4438002F41D9 /* Login.swift */; };
		37AD16E21E2D4448002F41D9 /* Register.swift in Sources */ = {isa = PBXBuildFile; fileRef = 37AD16E11E2D4448002F41D9 /* Register.swift */; };
		37BFF9911E09D14F00FDDFE6 /* Tests.swift in Sources */ = {isa = PBXBuildFile; fileRef = 37BFF9901E09D14F00FDDFE6 /* Tests.swift */; };
		37DC43381E3E3794009EAC4B /* Restore Password.swift in Sources */ = {isa = PBXBuildFile; fileRef = 37DC43371E3E3794009EAC4B /* Restore Password.swift */; };
		37FB38261E227EBA0075C106 /* Extensions.swift in Sources */ = {isa = PBXBuildFile; fileRef = 37FB38251E227EBA0075C106 /* Extensions.swift */; };
		37FCAE771DFD51C000789BFF /* AppDelegate.swift in Sources */ = {isa = PBXBuildFile; fileRef = 37FCAE761DFD51C000789BFF /* AppDelegate.swift */; };
		37FCAE7C1DFD51C000789BFF /* Main.storyboard in Resources */ = {isa = PBXBuildFile; fileRef = 37FCAE7A1DFD51C000789BFF /* Main.storyboard */; };
		37FCAE811DFD51C000789BFF /* LaunchScreen.storyboard in Resources */ = {isa = PBXBuildFile; fileRef = 37FCAE7F1DFD51C000789BFF /* LaunchScreen.storyboard */; };
		37FCAE8C1DFD51C000789BFF /* KlassenbuchTests.swift in Sources */ = {isa = PBXBuildFile; fileRef = 37FCAE8B1DFD51C000789BFF /* KlassenbuchTests.swift */; };
		37FCAE971DFD51C000789BFF /* KlassenbuchUITests.swift in Sources */ = {isa = PBXBuildFile; fileRef = 37FCAE961DFD51C000789BFF /* KlassenbuchUITests.swift */; };
		37FCAEA91DFD553900789BFF /* Hausaufgaben.swift in Sources */ = {isa = PBXBuildFile; fileRef = 37FCAEA81DFD553900789BFF /* Hausaufgaben.swift */; };
		37FCAEAF1DFD556F00789BFF /* Informationen.swift in Sources */ = {isa = PBXBuildFile; fileRef = 37FCAEAE1DFD556F00789BFF /* Informationen.swift */; };
		37FCAEB11DFD55D900789BFF /* Manager.swift in Sources */ = {isa = PBXBuildFile; fileRef = 37FCAEB01DFD55D900789BFF /* Manager.swift */; };
		37FE769F1E4723250056A196 /* Settings.bundle in Resources */ = {isa = PBXBuildFile; fileRef = 37FE769E1E4723250056A196 /* Settings.bundle */; };
		3E5C6F2EB73F2ECDEA81F287 /* Pods_Klassenbuch.framework in Frameworks */ = {isa = PBXBuildFile; fileRef = D38845EA0770DFA88801FE1C /* Pods_Klassenbuch.framework */; };
		A8E95E34E55DDC3187E8EA48 /* Pods_KlassenbuchTests.framework in Frameworks */ = {isa = PBXBuildFile; fileRef = 6F074CF7F67BDDC616A8F03C /* Pods_KlassenbuchTests.framework */; };
		C51F2184F5F4A9305D98D996 /* Pods_KlassenbuchUITests.framework in Frameworks */ = {isa = PBXBuildFile; fileRef = B9A43E3B1147EC6AB62AA1BE /* Pods_KlassenbuchUITests.framework */; };
/* End PBXBuildFile section */

/* Begin PBXContainerItemProxy section */
		37FCAE881DFD51C000789BFF /* PBXContainerItemProxy */ = {
			isa = PBXContainerItemProxy;
			containerPortal = 37FCAE6B1DFD51C000789BFF /* Project object */;
			proxyType = 1;
			remoteGlobalIDString = 37FCAE721DFD51C000789BFF;
			remoteInfo = Klassenbuch;
		};
		37FCAE931DFD51C000789BFF /* PBXContainerItemProxy */ = {
			isa = PBXContainerItemProxy;
			containerPortal = 37FCAE6B1DFD51C000789BFF /* Project object */;
			proxyType = 1;
			remoteGlobalIDString = 37FCAE721DFD51C000789BFF;
			remoteInfo = Klassenbuch;
		};
/* End PBXContainerItemProxy section */

/* Begin PBXCopyFilesBuildPhase section */
		379B8CAB1EA6B79000E27CBC /* Embed App Extensions */ = {
			isa = PBXCopyFilesBuildPhase;
			buildActionMask = 2147483647;
			dstPath = "";
			dstSubfolderSpec = 13;
			files = (
			);
			name = "Embed App Extensions";
			runOnlyForDeploymentPostprocessing = 0;
		};
/* End PBXCopyFilesBuildPhase section */

/* Begin PBXFileReference section */
		017B159347FCC1A8CCCC9426 /* Pods-KlassenbuchTests.debug.xcconfig */ = {isa = PBXFileReference; includeInIndex = 1; lastKnownFileType = text.xcconfig; name = "Pods-KlassenbuchTests.debug.xcconfig"; path = "Pods/Target Support Files/Pods-KlassenbuchTests/Pods-KlassenbuchTests.debug.xcconfig"; sourceTree = "<group>"; };
		21997162EECBA022236EFD7D /* Pods-KlassenbuchTests.release.xcconfig */ = {isa = PBXFileReference; includeInIndex = 1; lastKnownFileType = text.xcconfig; name = "Pods-KlassenbuchTests.release.xcconfig"; path = "Pods/Target Support Files/Pods-KlassenbuchTests/Pods-KlassenbuchTests.release.xcconfig"; sourceTree = "<group>"; };
		2C6F60B5EE3259EBBA8850F6 /* Pods-KlassenbuchUITests.debug.xcconfig */ = {isa = PBXFileReference; includeInIndex = 1; lastKnownFileType = text.xcconfig; name = "Pods-KlassenbuchUITests.debug.xcconfig"; path = "Pods/Target Support Files/Pods-KlassenbuchUITests/Pods-KlassenbuchUITests.debug.xcconfig"; sourceTree = "<group>"; };
		3644FF363637C9A7B024BAB8 /* Pods-Klassenbuch.debug.xcconfig */ = {isa = PBXFileReference; includeInIndex = 1; lastKnownFileType = text.xcconfig; name = "Pods-Klassenbuch.debug.xcconfig"; path = "Pods/Target Support Files/Pods-Klassenbuch/Pods-Klassenbuch.debug.xcconfig"; sourceTree = "<group>"; };
		37075C4D1E36A38200187480 /* Media.xcassets */ = {isa = PBXFileReference; lastKnownFileType = folder.assetcatalog; path = Media.xcassets; sourceTree = "<group>"; };
		3707B7651E44C92900BD150D /* MessageUI.framework */ = {isa = PBXFileReference; lastKnownFileType = wrapper.framework; name = MessageUI.framework; path = System/Library/Frameworks/MessageUI.framework; sourceTree = SDKROOT; };
		3707B7671E44D70D00BD150D /* AppInfo.swift */ = {isa = PBXFileReference; fileEncoding = 4; lastKnownFileType = sourcecode.swift; path = AppInfo.swift; sourceTree = "<group>"; };
		372B20911E2E8C62004BF666 /* AuthTextField.swift */ = {isa = PBXFileReference; fileEncoding = 4; lastKnownFileType = sourcecode.swift; path = AuthTextField.swift; sourceTree = "<group>"; };
		375534FA1E08490C000C0842 /* Absenzen.swift */ = {isa = PBXFileReference; fileEncoding = 4; lastKnownFileType = sourcecode.swift; path = Absenzen.swift; sourceTree = "<group>"; };
		375534FC1E0849F5000C0842 /* Add Hausaufgaben.swift */ = {isa = PBXFileReference; fileEncoding = 4; lastKnownFileType = sourcecode.swift; path = "Add Hausaufgaben.swift"; sourceTree = "<group>"; };
		375534FE1E084A3C000C0842 /* Add Tests.swift */ = {isa = PBXFileReference; fileEncoding = 4; lastKnownFileType = sourcecode.swift; path = "Add Tests.swift"; sourceTree = "<group>"; };
		375535001E084A4E000C0842 /* Add Absenzen.swift */ = {isa = PBXFileReference; fileEncoding = 4; lastKnownFileType = sourcecode.swift; path = "Add Absenzen.swift"; sourceTree = "<group>"; };
		37578E2C1F504E1A00ACFA80 /* AbsenzenOverview.swift */ = {isa = PBXFileReference; fileEncoding = 4; lastKnownFileType = sourcecode.swift; path = AbsenzenOverview.swift; sourceTree = "<group>"; };
		37578E2E1F504E3E00ACFA80 /* LehrerNewAbsenz.swift */ = {isa = PBXFileReference; fileEncoding = 4; lastKnownFileType = sourcecode.swift; path = LehrerNewAbsenz.swift; sourceTree = "<group>"; };
		37578E301F507BD900ACFA80 /* Select Class.swift */ = {isa = PBXFileReference; fileEncoding = 4; lastKnownFileType = sourcecode.swift; path = "Select Class.swift"; sourceTree = "<group>"; };
		37578E321F50877B00ACFA80 /* CreateClass.swift */ = {isa = PBXFileReference; fileEncoding = 4; lastKnownFileType = sourcecode.swift; path = CreateClass.swift; sourceTree = "<group>"; };
		3761778E1EFD63650051B90C /* NewReminder.swift */ = {isa = PBXFileReference; fileEncoding = 4; lastKnownFileType = sourcecode.swift; path = NewReminder.swift; sourceTree = "<group>"; };
		376177901EFD63750051B90C /* ReminderTableViewController.swift */ = {isa = PBXFileReference; fileEncoding = 4; lastKnownFileType = sourcecode.swift; path = ReminderTableViewController.swift; sourceTree = "<group>"; };
		376177941EFE63050051B90C /* NewReminderNC.swift */ = {isa = PBXFileReference; fileEncoding = 4; lastKnownFileType = sourcecode.swift; path = NewReminderNC.swift; sourceTree = "<group>"; };
		376177961EFE6A080051B90C /* Reminder.swift */ = {isa = PBXFileReference; fileEncoding = 4; lastKnownFileType = sourcecode.swift; path = Reminder.swift; sourceTree = "<group>"; };
		376DDB391E44C0ED0064E2D2 /* Einstellungen.swift */ = {isa = PBXFileReference; fileEncoding = 4; lastKnownFileType = sourcecode.swift; path = Einstellungen.swift; sourceTree = "<group>"; };
		3770835E1F06B94900B2C9FA /* Notes.swift */ = {isa = PBXFileReference; fileEncoding = 4; lastKnownFileType = sourcecode.swift; path = Notes.swift; sourceTree = "<group>"; };
		378465431E4F96EC0012CDBF /* Gif+Swift.swift */ = {isa = PBXFileReference; fileEncoding = 4; lastKnownFileType = sourcecode.swift; path = "Gif+Swift.swift"; sourceTree = "<group>"; };
		379B8C921EA4F87A00E27CBC /* PushNachrichten.swift */ = {isa = PBXFileReference; fileEncoding = 4; lastKnownFileType = sourcecode.swift; path = PushNachrichten.swift; sourceTree = "<group>"; };
		379B8C941EA6857300E27CBC /* GoogleService-Info.plist */ = {isa = PBXFileReference; fileEncoding = 4; lastKnownFileType = text.plist.xml; path = "GoogleService-Info.plist"; sourceTree = "<group>"; };
		379B8C961EA6884600E27CBC /* Klassenbuch.entitlements */ = {isa = PBXFileReference; lastKnownFileType = text.plist.entitlements; path = Klassenbuch.entitlements; sourceTree = "<group>"; };
		379B8C9C1EA6B78D00E27CBC /* NotificationCenter.framework */ = {isa = PBXFileReference; lastKnownFileType = wrapper.framework; name = NotificationCenter.framework; path = System/Library/Frameworks/NotificationCenter.framework; sourceTree = SDKROOT; };
		379B8CAC1EA764E600E27CBC /* Delivery.png */ = {isa = PBXFileReference; lastKnownFileType = image.png; path = Delivery.png; sourceTree = "<group>"; };
		37AD16DF1E2D4438002F41D9 /* Login.swift */ = {isa = PBXFileReference; fileEncoding = 4; lastKnownFileType = sourcecode.swift; path = Login.swift; sourceTree = "<group>"; };
		37AD16E11E2D4448002F41D9 /* Register.swift */ = {isa = PBXFileReference; fileEncoding = 4; lastKnownFileType = sourcecode.swift; path = Register.swift; sourceTree = "<group>"; };
		37BFF9901E09D14F00FDDFE6 /* Tests.swift */ = {isa = PBXFileReference; fileEncoding = 4; lastKnownFileType = sourcecode.swift; path = Tests.swift; sourceTree = "<group>"; };
		37DC43371E3E3794009EAC4B /* Restore Password.swift */ = {isa = PBXFileReference; fileEncoding = 4; lastKnownFileType = sourcecode.swift; path = "Restore Password.swift"; sourceTree = "<group>"; };
		37FB38251E227EBA0075C106 /* Extensions.swift */ = {isa = PBXFileReference; fileEncoding = 4; lastKnownFileType = sourcecode.swift; path = Extensions.swift; sourceTree = "<group>"; };
		37FCAE731DFD51C000789BFF /* Klassenbuch.app */ = {isa = PBXFileReference; explicitFileType = wrapper.application; includeInIndex = 0; path = Klassenbuch.app; sourceTree = BUILT_PRODUCTS_DIR; };
		37FCAE761DFD51C000789BFF /* AppDelegate.swift */ = {isa = PBXFileReference; lastKnownFileType = sourcecode.swift; path = AppDelegate.swift; sourceTree = "<group>"; };
		37FCAE7B1DFD51C000789BFF /* Base */ = {isa = PBXFileReference; lastKnownFileType = file.storyboard; name = Base; path = Base.lproj/Main.storyboard; sourceTree = "<group>"; };
		37FCAE801DFD51C000789BFF /* Base */ = {isa = PBXFileReference; lastKnownFileType = file.storyboard; name = Base; path = Base.lproj/LaunchScreen.storyboard; sourceTree = "<group>"; };
		37FCAE821DFD51C000789BFF /* Info.plist */ = {isa = PBXFileReference; lastKnownFileType = text.plist.xml; path = Info.plist; sourceTree = "<group>"; };
		37FCAE871DFD51C000789BFF /* KlassenbuchTests.xctest */ = {isa = PBXFileReference; explicitFileType = wrapper.cfbundle; includeInIndex = 0; path = KlassenbuchTests.xctest; sourceTree = BUILT_PRODUCTS_DIR; };
		37FCAE8B1DFD51C000789BFF /* KlassenbuchTests.swift */ = {isa = PBXFileReference; lastKnownFileType = sourcecode.swift; path = KlassenbuchTests.swift; sourceTree = "<group>"; };
		37FCAE8D1DFD51C000789BFF /* Info.plist */ = {isa = PBXFileReference; lastKnownFileType = text.plist.xml; path = Info.plist; sourceTree = "<group>"; };
		37FCAE921DFD51C000789BFF /* KlassenbuchUITests.xctest */ = {isa = PBXFileReference; explicitFileType = wrapper.cfbundle; includeInIndex = 0; path = KlassenbuchUITests.xctest; sourceTree = BUILT_PRODUCTS_DIR; };
		37FCAE961DFD51C000789BFF /* KlassenbuchUITests.swift */ = {isa = PBXFileReference; lastKnownFileType = sourcecode.swift; path = KlassenbuchUITests.swift; sourceTree = "<group>"; };
		37FCAE981DFD51C000789BFF /* Info.plist */ = {isa = PBXFileReference; lastKnownFileType = text.plist.xml; path = Info.plist; sourceTree = "<group>"; };
		37FCAEA81DFD553900789BFF /* Hausaufgaben.swift */ = {isa = PBXFileReference; fileEncoding = 4; lastKnownFileType = sourcecode.swift; path = Hausaufgaben.swift; sourceTree = "<group>"; };
		37FCAEAE1DFD556F00789BFF /* Informationen.swift */ = {isa = PBXFileReference; fileEncoding = 4; lastKnownFileType = sourcecode.swift; path = Informationen.swift; sourceTree = "<group>"; };
		37FCAEB01DFD55D900789BFF /* Manager.swift */ = {isa = PBXFileReference; fileEncoding = 4; lastKnownFileType = sourcecode.swift; path = Manager.swift; sourceTree = "<group>"; };
		37FE769E1E4723250056A196 /* Settings.bundle */ = {isa = PBXFileReference; lastKnownFileType = "wrapper.plug-in"; name = Settings.bundle; path = ../Settings.bundle; sourceTree = "<group>"; };
		6823AD90D222C0DE261EA86A /* Pods-KlassenbuchUITests.release.xcconfig */ = {isa = PBXFileReference; includeInIndex = 1; lastKnownFileType = text.xcconfig; name = "Pods-KlassenbuchUITests.release.xcconfig"; path = "Pods/Target Support Files/Pods-KlassenbuchUITests/Pods-KlassenbuchUITests.release.xcconfig"; sourceTree = "<group>"; };
		6F074CF7F67BDDC616A8F03C /* Pods_KlassenbuchTests.framework */ = {isa = PBXFileReference; explicitFileType = wrapper.framework; includeInIndex = 0; path = Pods_KlassenbuchTests.framework; sourceTree = BUILT_PRODUCTS_DIR; };
		B9A43E3B1147EC6AB62AA1BE /* Pods_KlassenbuchUITests.framework */ = {isa = PBXFileReference; explicitFileType = wrapper.framework; includeInIndex = 0; path = Pods_KlassenbuchUITests.framework; sourceTree = BUILT_PRODUCTS_DIR; };
		BFC360E84BA572860174E2BC /* Pods-Klassenbuch.release.xcconfig */ = {isa = PBXFileReference; includeInIndex = 1; lastKnownFileType = text.xcconfig; name = "Pods-Klassenbuch.release.xcconfig"; path = "Pods/Target Support Files/Pods-Klassenbuch/Pods-Klassenbuch.release.xcconfig"; sourceTree = "<group>"; };
		D38845EA0770DFA88801FE1C /* Pods_Klassenbuch.framework */ = {isa = PBXFileReference; explicitFileType = wrapper.framework; includeInIndex = 0; path = Pods_Klassenbuch.framework; sourceTree = BUILT_PRODUCTS_DIR; };
/* End PBXFileReference section */

/* Begin PBXFrameworksBuildPhase section */
		37FCAE701DFD51C000789BFF /* Frameworks */ = {
			isa = PBXFrameworksBuildPhase;
			buildActionMask = 2147483647;
			files = (
				3707B7661E44C92900BD150D /* MessageUI.framework in Frameworks */,
				3E5C6F2EB73F2ECDEA81F287 /* Pods_Klassenbuch.framework in Frameworks */,
			);
			runOnlyForDeploymentPostprocessing = 0;
		};
		37FCAE841DFD51C000789BFF /* Frameworks */ = {
			isa = PBXFrameworksBuildPhase;
			buildActionMask = 2147483647;
			files = (
				A8E95E34E55DDC3187E8EA48 /* Pods_KlassenbuchTests.framework in Frameworks */,
			);
			runOnlyForDeploymentPostprocessing = 0;
		};
		37FCAE8F1DFD51C000789BFF /* Frameworks */ = {
			isa = PBXFrameworksBuildPhase;
			buildActionMask = 2147483647;
			files = (
				C51F2184F5F4A9305D98D996 /* Pods_KlassenbuchUITests.framework in Frameworks */,
			);
			runOnlyForDeploymentPostprocessing = 0;
		};
/* End PBXFrameworksBuildPhase section */

/* Begin PBXGroup section */
		37578E2B1F504DFD00ACFA80 /* Lehrer */ = {
			isa = PBXGroup;
			children = (
				37578E2C1F504E1A00ACFA80 /* AbsenzenOverview.swift */,
				37578E2E1F504E3E00ACFA80 /* LehrerNewAbsenz.swift */,
			);
			name = Lehrer;
			sourceTree = "<group>";
		};
		3762E2B41F07B75900A21CC5 /* Not in Use */ = {
			isa = PBXGroup;
			children = (
				3770835E1F06B94900B2C9FA /* Notes.swift */,
				376177901EFD63750051B90C /* ReminderTableViewController.swift */,
				376177941EFE63050051B90C /* NewReminderNC.swift */,
				376177961EFE6A080051B90C /* Reminder.swift */,
			);
			name = "Not in Use";
			sourceTree = "<group>";
		};
		377FFC071E2FFF7D008EE114 /* Helpers */ = {
			isa = PBXGroup;
			children = (
				37FCAE761DFD51C000789BFF /* AppDelegate.swift */,
				37FCAEB01DFD55D900789BFF /* Manager.swift */,
				37FB38251E227EBA0075C106 /* Extensions.swift */,
				372B20911E2E8C62004BF666 /* AuthTextField.swift */,
				378465421E4F96CE0012CDBF /* Gif + Image */,
				3762E2B41F07B75900A21CC5 /* Not in Use */,
			);
			name = Helpers;
			sourceTree = "<group>";
		};
		378465421E4F96CE0012CDBF /* Gif + Image */ = {
			isa = PBXGroup;
			children = (
				379B8CAC1EA764E600E27CBC /* Delivery.png */,
				378465431E4F96EC0012CDBF /* Gif+Swift.swift */,
			);
			name = "Gif + Image";
			sourceTree = "<group>";
		};
		379BF99D1DFD5C1000BA382D /* Hausaufgaben */ = {
			isa = PBXGroup;
			children = (
				37FCAEA81DFD553900789BFF /* Hausaufgaben.swift */,
				375534FC1E0849F5000C0842 /* Add Hausaufgaben.swift */,
			);
			name = Hausaufgaben;
			sourceTree = "<group>";
		};
		379BF9A01DFD5C2800BA382D /* Tests */ = {
			isa = PBXGroup;
			children = (
				37BFF9901E09D14F00FDDFE6 /* Tests.swift */,
				375534FE1E084A3C000C0842 /* Add Tests.swift */,
			);
			name = Tests;
			sourceTree = "<group>";
		};
		379BF9A31DFD5C4C00BA382D /* Absenzen */ = {
			isa = PBXGroup;
			children = (
				375534FA1E08490C000C0842 /* Absenzen.swift */,
				375535001E084A4E000C0842 /* Add Absenzen.swift */,
				3761778E1EFD63650051B90C /* NewReminder.swift */,
			);
			name = Absenzen;
			sourceTree = "<group>";
		};
		379BF9A41DFD5C5300BA382D /* Informationen */ = {
			isa = PBXGroup;
			children = (
				37FCAEAE1DFD556F00789BFF /* Informationen.swift */,
				376DDB391E44C0ED0064E2D2 /* Einstellungen.swift */,
				3707B7671E44D70D00BD150D /* AppInfo.swift */,
				379B8C921EA4F87A00E27CBC /* PushNachrichten.swift */,
			);
			name = Informationen;
			sourceTree = "<group>";
		};
		37AD16E31E2D4453002F41D9 /* Authentication */ = {
			isa = PBXGroup;
			children = (
				37AD16DF1E2D4438002F41D9 /* Login.swift */,
				37AD16E11E2D4448002F41D9 /* Register.swift */,
				37DC43371E3E3794009EAC4B /* Restore Password.swift */,
				37578E301F507BD900ACFA80 /* Select Class.swift */,
				37578E321F50877B00ACFA80 /* CreateClass.swift */,
			);
			name = Authentication;
			sourceTree = "<group>";
		};
		37FCAE6A1DFD51C000789BFF = {
			isa = PBXGroup;
			children = (
				37FCAE7A1DFD51C000789BFF /* Main.storyboard */,
				37FCAE751DFD51C000789BFF /* Klassenbuch */,
				37FCAE8A1DFD51C000789BFF /* KlassenbuchTests */,
				37FCAE951DFD51C000789BFF /* KlassenbuchUITests */,
				37FCAE741DFD51C000789BFF /* Products */,
				BC0BA7438E9AAC30E8ACBC2E /* Pods */,
				A801B0C46304E64EE95DAECE /* Frameworks */,
			);
			sourceTree = "<group>";
		};
		37FCAE741DFD51C000789BFF /* Products */ = {
			isa = PBXGroup;
			children = (
				37FCAE731DFD51C000789BFF /* Klassenbuch.app */,
				37FCAE871DFD51C000789BFF /* KlassenbuchTests.xctest */,
				37FCAE921DFD51C000789BFF /* KlassenbuchUITests.xctest */,
			);
			name = Products;
			sourceTree = "<group>";
		};
		37FCAE751DFD51C000789BFF /* Klassenbuch */ = {
			isa = PBXGroup;
			children = (
				37578E2B1F504DFD00ACFA80 /* Lehrer */,
				37AD16E31E2D4453002F41D9 /* Authentication */,
				379BF99D1DFD5C1000BA382D /* Hausaufgaben */,
				379BF9A01DFD5C2800BA382D /* Tests */,
				379BF9A31DFD5C4C00BA382D /* Absenzen */,
				379BF9A41DFD5C5300BA382D /* Informationen */,
				377FFC071E2FFF7D008EE114 /* Helpers */,
				37FCAE7F1DFD51C000789BFF /* LaunchScreen.storyboard */,
				37075C4D1E36A38200187480 /* Media.xcassets */,
				37FE769E1E4723250056A196 /* Settings.bundle */,
				379B8C941EA6857300E27CBC /* GoogleService-Info.plist */,
				37FCAE821DFD51C000789BFF /* Info.plist */,
				379B8C961EA6884600E27CBC /* Klassenbuch.entitlements */,
			);
			path = Klassenbuch;
			sourceTree = "<group>";
		};
		37FCAE8A1DFD51C000789BFF /* KlassenbuchTests */ = {
			isa = PBXGroup;
			children = (
				37FCAE8B1DFD51C000789BFF /* KlassenbuchTests.swift */,
				37FCAE8D1DFD51C000789BFF /* Info.plist */,
			);
			path = KlassenbuchTests;
			sourceTree = "<group>";
		};
		37FCAE951DFD51C000789BFF /* KlassenbuchUITests */ = {
			isa = PBXGroup;
			children = (
				37FCAE961DFD51C000789BFF /* KlassenbuchUITests.swift */,
				37FCAE981DFD51C000789BFF /* Info.plist */,
			);
			path = KlassenbuchUITests;
			sourceTree = "<group>";
		};
		A801B0C46304E64EE95DAECE /* Frameworks */ = {
			isa = PBXGroup;
			children = (
				3707B7651E44C92900BD150D /* MessageUI.framework */,
				D38845EA0770DFA88801FE1C /* Pods_Klassenbuch.framework */,
				6F074CF7F67BDDC616A8F03C /* Pods_KlassenbuchTests.framework */,
				B9A43E3B1147EC6AB62AA1BE /* Pods_KlassenbuchUITests.framework */,
				379B8C9C1EA6B78D00E27CBC /* NotificationCenter.framework */,
			);
			name = Frameworks;
			sourceTree = "<group>";
		};
		BC0BA7438E9AAC30E8ACBC2E /* Pods */ = {
			isa = PBXGroup;
			children = (
				3644FF363637C9A7B024BAB8 /* Pods-Klassenbuch.debug.xcconfig */,
				BFC360E84BA572860174E2BC /* Pods-Klassenbuch.release.xcconfig */,
				017B159347FCC1A8CCCC9426 /* Pods-KlassenbuchTests.debug.xcconfig */,
				21997162EECBA022236EFD7D /* Pods-KlassenbuchTests.release.xcconfig */,
				2C6F60B5EE3259EBBA8850F6 /* Pods-KlassenbuchUITests.debug.xcconfig */,
				6823AD90D222C0DE261EA86A /* Pods-KlassenbuchUITests.release.xcconfig */,
			);
			name = Pods;
			sourceTree = "<group>";
		};
/* End PBXGroup section */

/* Begin PBXNativeTarget section */
		37FCAE721DFD51C000789BFF /* Klassenbuch */ = {
			isa = PBXNativeTarget;
			buildConfigurationList = 37FCAE9B1DFD51C000789BFF /* Build configuration list for PBXNativeTarget "Klassenbuch" */;
			buildPhases = (
				2569550011D9DF1BEC7699B9 /* [CP] Check Pods Manifest.lock */,
				37FCAE6F1DFD51C000789BFF /* Sources */,
				37FCAE701DFD51C000789BFF /* Frameworks */,
				37FCAE711DFD51C000789BFF /* Resources */,
				9A528D69E314E7427FCF9A97 /* [CP] Embed Pods Frameworks */,
				B4982C8FE21DD39121664715 /* [CP] Copy Pods Resources */,
				379B8CAB1EA6B79000E27CBC /* Embed App Extensions */,
			);
			buildRules = (
			);
			dependencies = (
			);
			name = Klassenbuch;
			productName = Klassenbuch;
			productReference = 37FCAE731DFD51C000789BFF /* Klassenbuch.app */;
			productType = "com.apple.product-type.application";
		};
		37FCAE861DFD51C000789BFF /* KlassenbuchTests */ = {
			isa = PBXNativeTarget;
			buildConfigurationList = 37FCAE9E1DFD51C000789BFF /* Build configuration list for PBXNativeTarget "KlassenbuchTests" */;
			buildPhases = (
				28B22BDD3B39395E3284C6C3 /* [CP] Check Pods Manifest.lock */,
				37FCAE831DFD51C000789BFF /* Sources */,
				37FCAE841DFD51C000789BFF /* Frameworks */,
				37FCAE851DFD51C000789BFF /* Resources */,
				76DA161D64038DAFE9D720B9 /* [CP] Embed Pods Frameworks */,
				B21E54D6667CE69B4874D82F /* [CP] Copy Pods Resources */,
			);
			buildRules = (
			);
			dependencies = (
				37FCAE891DFD51C000789BFF /* PBXTargetDependency */,
			);
			name = KlassenbuchTests;
			productName = KlassenbuchTests;
			productReference = 37FCAE871DFD51C000789BFF /* KlassenbuchTests.xctest */;
			productType = "com.apple.product-type.bundle.unit-test";
		};
		37FCAE911DFD51C000789BFF /* KlassenbuchUITests */ = {
			isa = PBXNativeTarget;
			buildConfigurationList = 37FCAEA11DFD51C000789BFF /* Build configuration list for PBXNativeTarget "KlassenbuchUITests" */;
			buildPhases = (
				B2537668CDACDD8C056516FA /* [CP] Check Pods Manifest.lock */,
				37FCAE8E1DFD51C000789BFF /* Sources */,
				37FCAE8F1DFD51C000789BFF /* Frameworks */,
				37FCAE901DFD51C000789BFF /* Resources */,
				85CD555D14A3E27835A3F9A8 /* [CP] Copy Pods Resources */,
			);
			buildRules = (
			);
			dependencies = (
				37FCAE941DFD51C000789BFF /* PBXTargetDependency */,
			);
			name = KlassenbuchUITests;
			productName = KlassenbuchUITests;
			productReference = 37FCAE921DFD51C000789BFF /* KlassenbuchUITests.xctest */;
			productType = "com.apple.product-type.bundle.ui-testing";
		};
/* End PBXNativeTarget section */

/* Begin PBXProject section */
		37FCAE6B1DFD51C000789BFF /* Project object */ = {
			isa = PBXProject;
			attributes = {
				LastSwiftUpdateCheck = 0830;
				LastUpgradeCheck = 0830;
				ORGANIZATIONNAME = "Hadorn Developing";
				TargetAttributes = {
					37FCAE721DFD51C000789BFF = {
						CreatedOnToolsVersion = 8.1;
						DevelopmentTeam = 86ZAAG46Z8;
						LastSwiftMigration = 0820;
						ProvisioningStyle = Automatic;
						SystemCapabilities = {
							com.apple.Keychain = {
								enabled = 0;
							};
							com.apple.Push = {
								enabled = 1;
							};
						};
					};
					37FCAE861DFD51C000789BFF = {
						CreatedOnToolsVersion = 8.1;
						LastSwiftMigration = 0820;
						ProvisioningStyle = Automatic;
						TestTargetID = 37FCAE721DFD51C000789BFF;
					};
					37FCAE911DFD51C000789BFF = {
						CreatedOnToolsVersion = 8.1;
						LastSwiftMigration = 0820;
						ProvisioningStyle = Automatic;
						TestTargetID = 37FCAE721DFD51C000789BFF;
					};
				};
			};
			buildConfigurationList = 37FCAE6E1DFD51C000789BFF /* Build configuration list for PBXProject "Klassenbuch" */;
			compatibilityVersion = "Xcode 3.2";
			developmentRegion = English;
			hasScannedForEncodings = 0;
			knownRegions = (
				en,
				Base,
			);
			mainGroup = 37FCAE6A1DFD51C000789BFF;
			productRefGroup = 37FCAE741DFD51C000789BFF /* Products */;
			projectDirPath = "";
			projectRoot = "";
			targets = (
				37FCAE721DFD51C000789BFF /* Klassenbuch */,
				37FCAE861DFD51C000789BFF /* KlassenbuchTests */,
				37FCAE911DFD51C000789BFF /* KlassenbuchUITests */,
			);
		};
/* End PBXProject section */

/* Begin PBXResourcesBuildPhase section */
		37FCAE711DFD51C000789BFF /* Resources */ = {
			isa = PBXResourcesBuildPhase;
			buildActionMask = 2147483647;
			files = (
				37FCAE811DFD51C000789BFF /* LaunchScreen.storyboard in Resources */,
				37FE769F1E4723250056A196 /* Settings.bundle in Resources */,
				379B8C951EA6857300E27CBC /* GoogleService-Info.plist in Resources */,
				379B8CAD1EA764E600E27CBC /* Delivery.png in Resources */,
				37FCAE7C1DFD51C000789BFF /* Main.storyboard in Resources */,
				37075C4E1E36A38200187480 /* Media.xcassets in Resources */,
			);
			runOnlyForDeploymentPostprocessing = 0;
		};
		37FCAE851DFD51C000789BFF /* Resources */ = {
			isa = PBXResourcesBuildPhase;
			buildActionMask = 2147483647;
			files = (
			);
			runOnlyForDeploymentPostprocessing = 0;
		};
		37FCAE901DFD51C000789BFF /* Resources */ = {
			isa = PBXResourcesBuildPhase;
			buildActionMask = 2147483647;
			files = (
			);
			runOnlyForDeploymentPostprocessing = 0;
		};
/* End PBXResourcesBuildPhase section */

/* Begin PBXShellScriptBuildPhase section */
		2569550011D9DF1BEC7699B9 /* [CP] Check Pods Manifest.lock */ = {
			isa = PBXShellScriptBuildPhase;
			buildActionMask = 2147483647;
			files = (
			);
			inputPaths = (
			);
			name = "[CP] Check Pods Manifest.lock";
			outputPaths = (
			);
			runOnlyForDeploymentPostprocessing = 0;
			shellPath = /bin/sh;
			shellScript = "diff \"${PODS_ROOT}/../Podfile.lock\" \"${PODS_ROOT}/Manifest.lock\" > /dev/null\nif [[ $? != 0 ]] ; then\n    cat << EOM\nerror: The sandbox is not in sync with the Podfile.lock. Run 'pod install' or update your CocoaPods installation.\nEOM\n    exit 1\nfi\n";
			showEnvVarsInLog = 0;
		};
		28B22BDD3B39395E3284C6C3 /* [CP] Check Pods Manifest.lock */ = {
			isa = PBXShellScriptBuildPhase;
			buildActionMask = 2147483647;
			files = (
			);
			inputPaths = (
			);
			name = "[CP] Check Pods Manifest.lock";
			outputPaths = (
			);
			runOnlyForDeploymentPostprocessing = 0;
			shellPath = /bin/sh;
			shellScript = "diff \"${PODS_ROOT}/../Podfile.lock\" \"${PODS_ROOT}/Manifest.lock\" > /dev/null\nif [[ $? != 0 ]] ; then\n    cat << EOM\nerror: The sandbox is not in sync with the Podfile.lock. Run 'pod install' or update your CocoaPods installation.\nEOM\n    exit 1\nfi\n";
			showEnvVarsInLog = 0;
		};
		76DA161D64038DAFE9D720B9 /* [CP] Embed Pods Frameworks */ = {
			isa = PBXShellScriptBuildPhase;
			buildActionMask = 2147483647;
			files = (
			);
			inputPaths = (
			);
			name = "[CP] Embed Pods Frameworks";
			outputPaths = (
			);
			runOnlyForDeploymentPostprocessing = 0;
			shellPath = /bin/sh;
			shellScript = "\"${SRCROOT}/Pods/Target Support Files/Pods-KlassenbuchTests/Pods-KlassenbuchTests-frameworks.sh\"\n";
			showEnvVarsInLog = 0;
		};
		85CD555D14A3E27835A3F9A8 /* [CP] Copy Pods Resources */ = {
			isa = PBXShellScriptBuildPhase;
			buildActionMask = 2147483647;
			files = (
			);
			inputPaths = (
			);
			name = "[CP] Copy Pods Resources";
			outputPaths = (
			);
			runOnlyForDeploymentPostprocessing = 0;
			shellPath = /bin/sh;
			shellScript = "\"${SRCROOT}/Pods/Target Support Files/Pods-KlassenbuchUITests/Pods-KlassenbuchUITests-resources.sh\"\n";
			showEnvVarsInLog = 0;
		};
		9A528D69E314E7427FCF9A97 /* [CP] Embed Pods Frameworks */ = {
			isa = PBXShellScriptBuildPhase;
			buildActionMask = 2147483647;
			files = (
			);
			inputPaths = (
			);
			name = "[CP] Embed Pods Frameworks";
			outputPaths = (
			);
			runOnlyForDeploymentPostprocessing = 0;
			shellPath = /bin/sh;
			shellScript = "\"${SRCROOT}/Pods/Target Support Files/Pods-Klassenbuch/Pods-Klassenbuch-frameworks.sh\"\n";
			showEnvVarsInLog = 0;
		};
		B21E54D6667CE69B4874D82F /* [CP] Copy Pods Resources */ = {
			isa = PBXShellScriptBuildPhase;
			buildActionMask = 2147483647;
			files = (
			);
			inputPaths = (
			);
			name = "[CP] Copy Pods Resources";
			outputPaths = (
			);
			runOnlyForDeploymentPostprocessing = 0;
			shellPath = /bin/sh;
			shellScript = "\"${SRCROOT}/Pods/Target Support Files/Pods-KlassenbuchTests/Pods-KlassenbuchTests-resources.sh\"\n";
			showEnvVarsInLog = 0;
		};
		B2537668CDACDD8C056516FA /* [CP] Check Pods Manifest.lock */ = {
			isa = PBXShellScriptBuildPhase;
			buildActionMask = 2147483647;
			files = (
			);
			inputPaths = (
			);
			name = "[CP] Check Pods Manifest.lock";
			outputPaths = (
			);
			runOnlyForDeploymentPostprocessing = 0;
			shellPath = /bin/sh;
			shellScript = "diff \"${PODS_ROOT}/../Podfile.lock\" \"${PODS_ROOT}/Manifest.lock\" > /dev/null\nif [[ $? != 0 ]] ; then\n    cat << EOM\nerror: The sandbox is not in sync with the Podfile.lock. Run 'pod install' or update your CocoaPods installation.\nEOM\n    exit 1\nfi\n";
			showEnvVarsInLog = 0;
		};
		B4982C8FE21DD39121664715 /* [CP] Copy Pods Resources */ = {
			isa = PBXShellScriptBuildPhase;
			buildActionMask = 2147483647;
			files = (
			);
			inputPaths = (
			);
			name = "[CP] Copy Pods Resources";
			outputPaths = (
			);
			runOnlyForDeploymentPostprocessing = 0;
			shellPath = /bin/sh;
			shellScript = "\"${SRCROOT}/Pods/Target Support Files/Pods-Klassenbuch/Pods-Klassenbuch-resources.sh\"\n";
			showEnvVarsInLog = 0;
		};
/* End PBXShellScriptBuildPhase section */

/* Begin PBXSourcesBuildPhase section */
		37FCAE6F1DFD51C000789BFF /* Sources */ = {
			isa = PBXSourcesBuildPhase;
			buildActionMask = 2147483647;
			files = (
				37FCAEAF1DFD556F00789BFF /* Informationen.swift in Sources */,
				378465441E4F96EC0012CDBF /* Gif+Swift.swift in Sources */,
				37BFF9911E09D14F00FDDFE6 /* Tests.swift in Sources */,
				375534FF1E084A3C000C0842 /* Add Tests.swift in Sources */,
				37FCAEB11DFD55D900789BFF /* Manager.swift in Sources */,
				375534FD1E0849F5000C0842 /* Add Hausaufgaben.swift in Sources */,
				37DC43381E3E3794009EAC4B /* Restore Password.swift in Sources */,
				37FB38261E227EBA0075C106 /* Extensions.swift in Sources */,
				37578E331F50877B00ACFA80 /* CreateClass.swift in Sources */,
				37AD16E21E2D4448002F41D9 /* Register.swift in Sources */,
				375535011E084A4E000C0842 /* Add Absenzen.swift in Sources */,
				372B20921E2E8C62004BF666 /* AuthTextField.swift in Sources */,
				379B8C931EA4F87A00E27CBC /* PushNachrichten.swift in Sources */,
				376DDB3A1E44C0ED0064E2D2 /* Einstellungen.swift in Sources */,
				376177971EFE6A080051B90C /* Reminder.swift in Sources */,
				37FCAE771DFD51C000789BFF /* AppDelegate.swift in Sources */,
				3707B7681E44D70D00BD150D /* AppInfo.swift in Sources */,
				376177911EFD63750051B90C /* ReminderTableViewController.swift in Sources */,
				375534FB1E08490C000C0842 /* Absenzen.swift in Sources */,
				376177951EFE63050051B90C /* NewReminderNC.swift in Sources */,
				37578E2F1F504E3E00ACFA80 /* LehrerNewAbsenz.swift in Sources */,
				3770835F1F06B94900B2C9FA /* Notes.swift in Sources */,
				37578E311F507BD900ACFA80 /* Select Class.swift in Sources */,
				37AD16E01E2D4438002F41D9 /* Login.swift in Sources */,
				37FCAEA91DFD553900789BFF /* Hausaufgaben.swift in Sources */,
				37578E2D1F504E1A00ACFA80 /* AbsenzenOverview.swift in Sources */,
				3761778F1EFD63650051B90C /* NewReminder.swift in Sources */,
			);
			runOnlyForDeploymentPostprocessing = 0;
		};
		37FCAE831DFD51C000789BFF /* Sources */ = {
			isa = PBXSourcesBuildPhase;
			buildActionMask = 2147483647;
			files = (
				37FCAE8C1DFD51C000789BFF /* KlassenbuchTests.swift in Sources */,
			);
			runOnlyForDeploymentPostprocessing = 0;
		};
		37FCAE8E1DFD51C000789BFF /* Sources */ = {
			isa = PBXSourcesBuildPhase;
			buildActionMask = 2147483647;
			files = (
				37FCAE971DFD51C000789BFF /* KlassenbuchUITests.swift in Sources */,
			);
			runOnlyForDeploymentPostprocessing = 0;
		};
/* End PBXSourcesBuildPhase section */

/* Begin PBXTargetDependency section */
		37FCAE891DFD51C000789BFF /* PBXTargetDependency */ = {
			isa = PBXTargetDependency;
			target = 37FCAE721DFD51C000789BFF /* Klassenbuch */;
			targetProxy = 37FCAE881DFD51C000789BFF /* PBXContainerItemProxy */;
		};
		37FCAE941DFD51C000789BFF /* PBXTargetDependency */ = {
			isa = PBXTargetDependency;
			target = 37FCAE721DFD51C000789BFF /* Klassenbuch */;
			targetProxy = 37FCAE931DFD51C000789BFF /* PBXContainerItemProxy */;
		};
/* End PBXTargetDependency section */

/* Begin PBXVariantGroup section */
		37FCAE7A1DFD51C000789BFF /* Main.storyboard */ = {
			isa = PBXVariantGroup;
			children = (
				37FCAE7B1DFD51C000789BFF /* Base */,
			);
			name = Main.storyboard;
			path = Klassenbuch;
			sourceTree = "<group>";
		};
		37FCAE7F1DFD51C000789BFF /* LaunchScreen.storyboard */ = {
			isa = PBXVariantGroup;
			children = (
				37FCAE801DFD51C000789BFF /* Base */,
			);
			name = LaunchScreen.storyboard;
			sourceTree = "<group>";
		};
/* End PBXVariantGroup section */

/* Begin XCBuildConfiguration section */
		37FCAE991DFD51C000789BFF /* Debug */ = {
			isa = XCBuildConfiguration;
			buildSettings = {
				ALWAYS_SEARCH_USER_PATHS = NO;
				CLANG_ANALYZER_NONNULL = YES;
				CLANG_CXX_LANGUAGE_STANDARD = "gnu++0x";
				CLANG_CXX_LIBRARY = "libc++";
				CLANG_ENABLE_MODULES = YES;
				CLANG_ENABLE_OBJC_ARC = YES;
				CLANG_WARN_BOOL_CONVERSION = YES;
				CLANG_WARN_CONSTANT_CONVERSION = YES;
				CLANG_WARN_DIRECT_OBJC_ISA_USAGE = YES_ERROR;
				CLANG_WARN_DOCUMENTATION_COMMENTS = YES;
				CLANG_WARN_EMPTY_BODY = YES;
				CLANG_WARN_ENUM_CONVERSION = YES;
				CLANG_WARN_INFINITE_RECURSION = YES;
				CLANG_WARN_INT_CONVERSION = YES;
				CLANG_WARN_OBJC_ROOT_CLASS = YES_ERROR;
				CLANG_WARN_SUSPICIOUS_MOVE = YES;
				CLANG_WARN_SUSPICIOUS_MOVES = YES;
				CLANG_WARN_UNREACHABLE_CODE = YES;
				CLANG_WARN__DUPLICATE_METHOD_MATCH = YES;
				"CODE_SIGN_IDENTITY[sdk=iphoneos*]" = "iPhone Developer";
				COPY_PHASE_STRIP = NO;
				DEBUG_INFORMATION_FORMAT = dwarf;
				ENABLE_STRICT_OBJC_MSGSEND = YES;
				ENABLE_TESTABILITY = YES;
				GCC_C_LANGUAGE_STANDARD = gnu99;
				GCC_DYNAMIC_NO_PIC = NO;
				GCC_NO_COMMON_BLOCKS = YES;
				GCC_OPTIMIZATION_LEVEL = 0;
				GCC_PREPROCESSOR_DEFINITIONS = (
					"DEBUG=1",
					"$(inherited)",
				);
				GCC_WARN_64_TO_32_BIT_CONVERSION = YES;
				GCC_WARN_ABOUT_RETURN_TYPE = YES_ERROR;
				GCC_WARN_UNDECLARED_SELECTOR = YES;
				GCC_WARN_UNINITIALIZED_AUTOS = YES_AGGRESSIVE;
				GCC_WARN_UNUSED_FUNCTION = YES;
				GCC_WARN_UNUSED_VARIABLE = YES;
				IPHONEOS_DEPLOYMENT_TARGET = 10.3;
				MTL_ENABLE_DEBUG_INFO = YES;
				ONLY_ACTIVE_ARCH = YES;
				SDKROOT = iphoneos;
				SWIFT_ACTIVE_COMPILATION_CONDITIONS = DEBUG;
				SWIFT_INSTALL_OBJC_HEADER = NO;
				SWIFT_OBJC_INTERFACE_HEADER_NAME = "";
				SWIFT_OPTIMIZATION_LEVEL = "-Onone";
				SWIFT_REFLECTION_METADATA_LEVEL = none;
				TARGETED_DEVICE_FAMILY = "1,2";
			};
			name = Debug;
		};
		37FCAE9A1DFD51C000789BFF /* Release */ = {
			isa = XCBuildConfiguration;
			buildSettings = {
				ALWAYS_SEARCH_USER_PATHS = NO;
				CLANG_ANALYZER_NONNULL = YES;
				CLANG_CXX_LANGUAGE_STANDARD = "gnu++0x";
				CLANG_CXX_LIBRARY = "libc++";
				CLANG_ENABLE_MODULES = YES;
				CLANG_ENABLE_OBJC_ARC = YES;
				CLANG_WARN_BOOL_CONVERSION = YES;
				CLANG_WARN_CONSTANT_CONVERSION = YES;
				CLANG_WARN_DIRECT_OBJC_ISA_USAGE = YES_ERROR;
				CLANG_WARN_DOCUMENTATION_COMMENTS = YES;
				CLANG_WARN_EMPTY_BODY = YES;
				CLANG_WARN_ENUM_CONVERSION = YES;
				CLANG_WARN_INFINITE_RECURSION = YES;
				CLANG_WARN_INT_CONVERSION = YES;
				CLANG_WARN_OBJC_ROOT_CLASS = YES_ERROR;
				CLANG_WARN_SUSPICIOUS_MOVE = YES;
				CLANG_WARN_SUSPICIOUS_MOVES = YES;
				CLANG_WARN_UNREACHABLE_CODE = YES;
				CLANG_WARN__DUPLICATE_METHOD_MATCH = YES;
				"CODE_SIGN_IDENTITY[sdk=iphoneos*]" = "iPhone Developer";
				COPY_PHASE_STRIP = NO;
				DEBUG_INFORMATION_FORMAT = "dwarf-with-dsym";
				ENABLE_NS_ASSERTIONS = NO;
				ENABLE_STRICT_OBJC_MSGSEND = YES;
				GCC_C_LANGUAGE_STANDARD = gnu99;
				GCC_NO_COMMON_BLOCKS = YES;
				GCC_WARN_64_TO_32_BIT_CONVERSION = YES;
				GCC_WARN_ABOUT_RETURN_TYPE = YES_ERROR;
				GCC_WARN_UNDECLARED_SELECTOR = YES;
				GCC_WARN_UNINITIALIZED_AUTOS = YES_AGGRESSIVE;
				GCC_WARN_UNUSED_FUNCTION = YES;
				GCC_WARN_UNUSED_VARIABLE = YES;
				IPHONEOS_DEPLOYMENT_TARGET = 10.3;
				MTL_ENABLE_DEBUG_INFO = NO;
				SDKROOT = iphoneos;
				SWIFT_INSTALL_OBJC_HEADER = NO;
				SWIFT_OBJC_INTERFACE_HEADER_NAME = "";
				SWIFT_OPTIMIZATION_LEVEL = "-Owholemodule";
				SWIFT_REFLECTION_METADATA_LEVEL = none;
				TARGETED_DEVICE_FAMILY = "1,2";
				VALIDATE_PRODUCT = YES;
			};
			name = Release;
		};
		37FCAE9C1DFD51C000789BFF /* Debug */ = {
			isa = XCBuildConfiguration;
			baseConfigurationReference = 3644FF363637C9A7B024BAB8 /* Pods-Klassenbuch.debug.xcconfig */;
			buildSettings = {
				ALWAYS_EMBED_SWIFT_STANDARD_LIBRARIES = YES;
				ASSETCATALOG_COMPILER_APPICON_NAME = AppIcon;
				CLANG_ENABLE_MODULES = YES;
				CODE_SIGN_ENTITLEMENTS = Klassenbuch/Klassenbuch.entitlements;
				"CODE_SIGN_IDENTITY[sdk=iphoneos*]" = "iPhone Developer";
				DEVELOPMENT_TEAM = 86ZAAG46Z8;
				FRAMEWORK_SEARCH_PATHS = (
					"$(inherited)",
					"$(PROJECT_DIR)/Klassenbuch",
				);
				INFOPLIST_FILE = Klassenbuch/Info.plist;
				IPHONEOS_DEPLOYMENT_TARGET = 10.2;
				LD_RUNPATH_SEARCH_PATHS = "$(inherited) @executable_path/Frameworks";
				PRODUCT_BUNDLE_IDENTIFIER = com.Matura.Klassenbuch.Jerome;
				PRODUCT_NAME = "$(TARGET_NAME)";
				PROVISIONING_PROFILE_SPECIFIER = "";
				SWIFT_OBJC_BRIDGING_HEADER = "";
				SWIFT_OPTIMIZATION_LEVEL = "-Onone";
				SWIFT_VERSION = 3.0;
				TARGETED_DEVICE_FAMILY = 1;
			};
			name = Debug;
		};
		37FCAE9D1DFD51C000789BFF /* Release */ = {
			isa = XCBuildConfiguration;
			baseConfigurationReference = BFC360E84BA572860174E2BC /* Pods-Klassenbuch.release.xcconfig */;
			buildSettings = {
				ALWAYS_EMBED_SWIFT_STANDARD_LIBRARIES = YES;
				ASSETCATALOG_COMPILER_APPICON_NAME = AppIcon;
				CLANG_ENABLE_MODULES = YES;
				CODE_SIGN_ENTITLEMENTS = Klassenbuch/Klassenbuch.entitlements;
				"CODE_SIGN_IDENTITY[sdk=iphoneos*]" = "iPhone Developer";
				DEVELOPMENT_TEAM = 86ZAAG46Z8;
				FRAMEWORK_SEARCH_PATHS = (
					"$(inherited)",
					"$(PROJECT_DIR)/Klassenbuch",
				);
				INFOPLIST_FILE = Klassenbuch/Info.plist;
				IPHONEOS_DEPLOYMENT_TARGET = 10.2;
				LD_RUNPATH_SEARCH_PATHS = "$(inherited) @executable_path/Frameworks";
				PRODUCT_BUNDLE_IDENTIFIER = com.Matura.Klassenbuch.Jerome;
				PRODUCT_NAME = "$(TARGET_NAME)";
				PROVISIONING_PROFILE_SPECIFIER = "";
				SWIFT_OBJC_BRIDGING_HEADER = "";
				SWIFT_VERSION = 3.0;
				TARGETED_DEVICE_FAMILY = 1;
			};
			name = Release;
		};
		37FCAE9F1DFD51C000789BFF /* Debug */ = {
			isa = XCBuildConfiguration;
			baseConfigurationReference = 017B159347FCC1A8CCCC9426 /* Pods-KlassenbuchTests.debug.xcconfig */;
			buildSettings = {
				ALWAYS_EMBED_SWIFT_STANDARD_LIBRARIES = YES;
				BUNDLE_LOADER = "$(TEST_HOST)";
				INFOPLIST_FILE = KlassenbuchTests/Info.plist;
				LD_RUNPATH_SEARCH_PATHS = "$(inherited) @executable_path/Frameworks @loader_path/Frameworks";
				PRODUCT_BUNDLE_IDENTIFIER = Maturaarbeit.KlassenbuchTests;
				PRODUCT_NAME = "$(TARGET_NAME)";
				SWIFT_VERSION = 3.0;
				TEST_HOST = "$(BUILT_PRODUCTS_DIR)/Klassenbuch.app/Klassenbuch";
			};
			name = Debug;
		};
		37FCAEA01DFD51C000789BFF /* Release */ = {
			isa = XCBuildConfiguration;
			baseConfigurationReference = 21997162EECBA022236EFD7D /* Pods-KlassenbuchTests.release.xcconfig */;
			buildSettings = {
				ALWAYS_EMBED_SWIFT_STANDARD_LIBRARIES = YES;
				BUNDLE_LOADER = "$(TEST_HOST)";
				INFOPLIST_FILE = KlassenbuchTests/Info.plist;
				LD_RUNPATH_SEARCH_PATHS = "$(inherited) @executable_path/Frameworks @loader_path/Frameworks";
				PRODUCT_BUNDLE_IDENTIFIER = Maturaarbeit.KlassenbuchTests;
				PRODUCT_NAME = "$(TARGET_NAME)";
				SWIFT_VERSION = 3.0;
				TEST_HOST = "$(BUILT_PRODUCTS_DIR)/Klassenbuch.app/Klassenbuch";
			};
			name = Release;
		};
		37FCAEA21DFD51C000789BFF /* Debug */ = {
			isa = XCBuildConfiguration;
			baseConfigurationReference = 2C6F60B5EE3259EBBA8850F6 /* Pods-KlassenbuchUITests.debug.xcconfig */;
			buildSettings = {
				ALWAYS_EMBED_SWIFT_STANDARD_LIBRARIES = YES;
				INFOPLIST_FILE = KlassenbuchUITests/Info.plist;
				LD_RUNPATH_SEARCH_PATHS = "$(inherited) @executable_path/Frameworks @loader_path/Frameworks";
				PRODUCT_BUNDLE_IDENTIFIER = Maturaarbeit.KlassenbuchUITests;
				PRODUCT_NAME = "$(TARGET_NAME)";
				SWIFT_VERSION = 3.0;
				TEST_TARGET_NAME = Klassenbuch;
			};
			name = Debug;
		};
		37FCAEA31DFD51C000789BFF /* Release */ = {
			isa = XCBuildConfiguration;
			baseConfigurationReference = 6823AD90D222C0DE261EA86A /* Pods-KlassenbuchUITests.release.xcconfig */;
			buildSettings = {
				ALWAYS_EMBED_SWIFT_STANDARD_LIBRARIES = YES;
				INFOPLIST_FILE = KlassenbuchUITests/Info.plist;
				LD_RUNPATH_SEARCH_PATHS = "$(inherited) @executable_path/Frameworks @loader_path/Frameworks";
				PRODUCT_BUNDLE_IDENTIFIER = Maturaarbeit.KlassenbuchUITests;
				PRODUCT_NAME = "$(TARGET_NAME)";
				SWIFT_VERSION = 3.0;
				TEST_TARGET_NAME = Klassenbuch;
			};
			name = Release;
		};
/* End XCBuildConfiguration section */

/* Begin XCConfigurationList section */
		37FCAE6E1DFD51C000789BFF /* Build configuration list for PBXProject "Klassenbuch" */ = {
			isa = XCConfigurationList;
			buildConfigurations = (
				37FCAE991DFD51C000789BFF /* Debug */,
				37FCAE9A1DFD51C000789BFF /* Release */,
			);
			defaultConfigurationIsVisible = 0;
			defaultConfigurationName = Release;
		};
		37FCAE9B1DFD51C000789BFF /* Build configuration list for PBXNativeTarget "Klassenbuch" */ = {
			isa = XCConfigurationList;
			buildConfigurations = (
				37FCAE9C1DFD51C000789BFF /* Debug */,
				37FCAE9D1DFD51C000789BFF /* Release */,
			);
			defaultConfigurationIsVisible = 0;
			defaultConfigurationName = Release;
		};
		37FCAE9E1DFD51C000789BFF /* Build configuration list for PBXNativeTarget "KlassenbuchTests" */ = {
			isa = XCConfigurationList;
			buildConfigurations = (
				37FCAE9F1DFD51C000789BFF /* Debug */,
				37FCAEA01DFD51C000789BFF /* Release */,
			);
			defaultConfigurationIsVisible = 0;
			defaultConfigurationName = Release;
		};
		37FCAEA11DFD51C000789BFF /* Build configuration list for PBXNativeTarget "KlassenbuchUITests" */ = {
			isa = XCConfigurationList;
			buildConfigurations = (
				37FCAEA21DFD51C000789BFF /* Debug */,
				37FCAEA31DFD51C000789BFF /* Release */,
			);
			defaultConfigurationIsVisible = 0;
			defaultConfigurationName = Release;
		};
/* End XCConfigurationList section */
	};
	rootObject = 37FCAE6B1DFD51C000789BFF /* Project object */;
}
